// !$*UTF8*$!
{
	archiveVersion = 1;
	classes = {
	};
	objectVersion = 55;
	objects = {

/* Begin PBXBuildFile section */
		AF13129A27FA4A8800A4650E /* AppDelegate.swift in Sources */ = {isa = PBXBuildFile; fileRef = AF13129927FA4A8800A4650E /* AppDelegate.swift */; };
		AF13129C27FA4A8800A4650E /* SceneDelegate.swift in Sources */ = {isa = PBXBuildFile; fileRef = AF13129B27FA4A8800A4650E /* SceneDelegate.swift */; };
		AF13129E27FA4A8800A4650E /* ViewController.swift in Sources */ = {isa = PBXBuildFile; fileRef = AF13129D27FA4A8800A4650E /* ViewController.swift */; };
		AF1312A127FA4A8800A4650E /* Main.storyboard in Resources */ = {isa = PBXBuildFile; fileRef = AF13129F27FA4A8800A4650E /* Main.storyboard */; };
		AF1312A327FA4A8B00A4650E /* Assets.xcassets in Resources */ = {isa = PBXBuildFile; fileRef = AF1312A227FA4A8B00A4650E /* Assets.xcassets */; };
		AF1312A627FA4A8B00A4650E /* LaunchScreen.storyboard in Resources */ = {isa = PBXBuildFile; fileRef = AF1312A427FA4A8B00A4650E /* LaunchScreen.storyboard */; };
		AF1312AF27FA4AE500A4650E /* ContactsListTableViewController.swift in Sources */ = {isa = PBXBuildFile; fileRef = AF1312AD27FA4AE500A4650E /* ContactsListTableViewController.swift */; };
		AF1312B027FA4AE500A4650E /* ContactsListTableViewController.xib in Resources */ = {isa = PBXBuildFile; fileRef = AF1312AE27FA4AE500A4650E /* ContactsListTableViewController.xib */; };
/* End PBXBuildFile section */

/* Begin PBXFileReference section */
		AF13129627FA4A8800A4650E /* ContactsMVC.app */ = {isa = PBXFileReference; explicitFileType = wrapper.application; includeInIndex = 0; path = ContactsMVC.app; sourceTree = BUILT_PRODUCTS_DIR; };
		AF13129927FA4A8800A4650E /* AppDelegate.swift */ = {isa = PBXFileReference; lastKnownFileType = sourcecode.swift; path = AppDelegate.swift; sourceTree = "<group>"; };
		AF13129B27FA4A8800A4650E /* SceneDelegate.swift */ = {isa = PBXFileReference; lastKnownFileType = sourcecode.swift; path = SceneDelegate.swift; sourceTree = "<group>"; };
		AF13129D27FA4A8800A4650E /* ViewController.swift */ = {isa = PBXFileReference; lastKnownFileType = sourcecode.swift; path = ViewController.swift; sourceTree = "<group>"; };
		AF1312A027FA4A8800A4650E /* Base */ = {isa = PBXFileReference; lastKnownFileType = file.storyboard; name = Base; path = Base.lproj/Main.storyboard; sourceTree = "<group>"; };
		AF1312A227FA4A8B00A4650E /* Assets.xcassets */ = {isa = PBXFileReference; lastKnownFileType = folder.assetcatalog; path = Assets.xcassets; sourceTree = "<group>"; };
		AF1312A527FA4A8B00A4650E /* Base */ = {isa = PBXFileReference; lastKnownFileType = file.storyboard; name = Base; path = Base.lproj/LaunchScreen.storyboard; sourceTree = "<group>"; };
		AF1312A727FA4A8B00A4650E /* Info.plist */ = {isa = PBXFileReference; lastKnownFileType = text.plist.xml; path = Info.plist; sourceTree = "<group>"; };
		AF1312AD27FA4AE500A4650E /* ContactsListTableViewController.swift */ = {isa = PBXFileReference; lastKnownFileType = sourcecode.swift; path = ContactsListTableViewController.swift; sourceTree = "<group>"; };
		AF1312AE27FA4AE500A4650E /* ContactsListTableViewController.xib */ = {isa = PBXFileReference; lastKnownFileType = file.xib; path = ContactsListTableViewController.xib; sourceTree = "<group>"; };
/* End PBXFileReference section */

/* Begin PBXFrameworksBuildPhase section */
		AF13129327FA4A8800A4650E /* Frameworks */ = {
			isa = PBXFrameworksBuildPhase;
			buildActionMask = 2147483647;
			files = (
			);
			runOnlyForDeploymentPostprocessing = 0;
		};
/* End PBXFrameworksBuildPhase section */

/* Begin PBXGroup section */
		AF13128D27FA4A8800A4650E = {
			isa = PBXGroup;
			children = (
				AF13129827FA4A8800A4650E /* ContactsMVC */,
				AF13129727FA4A8800A4650E /* Products */,
			);
			sourceTree = "<group>";
		};
		AF13129727FA4A8800A4650E /* Products */ = {
			isa = PBXGroup;
			children = (
				AF13129627FA4A8800A4650E /* ContactsMVC.app */,
			);
			name = Products;
			sourceTree = "<group>";
		};
		AF13129827FA4A8800A4650E /* ContactsMVC */ = {
			isa = PBXGroup;
			children = (
				AF13129927FA4A8800A4650E /* AppDelegate.swift */,
				AF13129B27FA4A8800A4650E /* SceneDelegate.swift */,
				AF13129D27FA4A8800A4650E /* ViewController.swift */,
				AF13129F27FA4A8800A4650E /* Main.storyboard */,
				AF1312A227FA4A8B00A4650E /* Assets.xcassets */,
				AF1312A427FA4A8B00A4650E /* LaunchScreen.storyboard */,
				AF1312A727FA4A8B00A4650E /* Info.plist */,
				AF1312AD27FA4AE500A4650E /* ContactsListTableViewController.swift */,
				AF1312AE27FA4AE500A4650E /* ContactsListTableViewController.xib */,
			);
			path = ContactsMVC;
			sourceTree = "<group>";
		};
/* End PBXGroup section */

/* Begin PBXNativeTarget section */
		AF13129527FA4A8800A4650E /* ContactsMVC */ = {
			isa = PBXNativeTarget;
			buildConfigurationList = AF1312AA27FA4A8B00A4650E /* Build configuration list for PBXNativeTarget "ContactsMVC" */;
			buildPhases = (
				AF13129227FA4A8800A4650E /* Sources */,
				AF13129327FA4A8800A4650E /* Frameworks */,
				AF13129427FA4A8800A4650E /* Resources */,
			);
			buildRules = (
			);
			dependencies = (
			);
			name = ContactsMVC;
			productName = ContactsMVC;
			productReference = AF13129627FA4A8800A4650E /* ContactsMVC.app */;
			productType = "com.apple.product-type.application";
		};
/* End PBXNativeTarget section */

/* Begin PBXProject section */
		AF13128E27FA4A8800A4650E /* Project object */ = {
			isa = PBXProject;
			attributes = {
				BuildIndependentTargetsInParallel = 1;
				LastSwiftUpdateCheck = 1310;
				LastUpgradeCheck = 1310;
				TargetAttributes = {
					AF13129527FA4A8800A4650E = {
						CreatedOnToolsVersion = 13.1;
					};
				};
			};
			buildConfigurationList = AF13129127FA4A8800A4650E /* Build configuration list for PBXProject "ContactsMVC" */;
			compatibilityVersion = "Xcode 13.0";
			developmentRegion = en;
			hasScannedForEncodings = 0;
			knownRegions = (
				en,
				Base,
			);
			mainGroup = AF13128D27FA4A8800A4650E;
			productRefGroup = AF13129727FA4A8800A4650E /* Products */;
			projectDirPath = "";
			projectRoot = "";
			targets = (
				AF13129527FA4A8800A4650E /* ContactsMVC */,
			);
		};
/* End PBXProject section */

/* Begin PBXResourcesBuildPhase section */
		AF13129427FA4A8800A4650E /* Resources */ = {
			isa = PBXResourcesBuildPhase;
			buildActionMask = 2147483647;
			files = (
				AF1312A627FA4A8B00A4650E /* LaunchScreen.storyboard in Resources */,
				AF1312A327FA4A8B00A4650E /* Assets.xcassets in Resources */,
				AF1312B027FA4AE500A4650E /* ContactsListTableViewController.xib in Resources */,
				AF1312A127FA4A8800A4650E /* Main.storyboard in Resources */,
			);
			runOnlyForDeploymentPostprocessing = 0;
		};
/* End PBXResourcesBuildPhase section */

/* Begin PBXSourcesBuildPhase section */
		AF13129227FA4A8800A4650E /* Sources */ = {
			isa = PBXSourcesBuildPhase;
			buildActionMask = 2147483647;
			files = (
				AF13129E27FA4A8800A4650E /* ViewController.swift in Sources */,
				AF13129A27FA4A8800A4650E /* AppDelegate.swift in Sources */,
				AF1312AF27FA4AE500A4650E /* ContactsListTableViewController.swift in Sources */,
				AF13129C27FA4A8800A4650E /* SceneDelegate.swift in Sources */,
			);
			runOnlyForDeploymentPostprocessing = 0;
		};
/* End PBXSourcesBuildPhase section */

/* Begin PBXVariantGroup section */
		AF13129F27FA4A8800A4650E /* Main.storyboard */ = {
			isa = PBXVariantGroup;
			children = (
				AF1312A027FA4A8800A4650E /* Base */,
			);
			name = Main.storyboard;
			sourceTree = "<group>";
		};
		AF1312A427FA4A8B00A4650E /* LaunchScreen.storyboard */ = {
			isa = PBXVariantGroup;
			children = (
				AF1312A527FA4A8B00A4650E /* Base */,
			);
			name = LaunchScreen.storyboard;
			sourceTree = "<group>";
		};
/* End PBXVariantGroup section */

/* Begin XCBuildConfiguration section */
		AF1312A827FA4A8B00A4650E /* Debug */ = {
			isa = XCBuildConfiguration;
			buildSettings = {
				ALWAYS_SEARCH_USER_PATHS = NO;
				CLANG_ANALYZER_NONNULL = YES;
				CLANG_ANALYZER_NUMBER_OBJECT_CONVERSION = YES_AGGRESSIVE;
				CLANG_CXX_LANGUAGE_STANDARD = "gnu++17";
				CLANG_CXX_LIBRARY = "libc++";
				CLANG_ENABLE_MODULES = YES;
				CLANG_ENABLE_OBJC_ARC = YES;
				CLANG_ENABLE_OBJC_WEAK = YES;
				CLANG_WARN_BLOCK_CAPTURE_AUTORELEASING = YES;
				CLANG_WARN_BOOL_CONVERSION = YES;
				CLANG_WARN_COMMA = YES;
				CLANG_WARN_CONSTANT_CONVERSION = YES;
				CLANG_WARN_DEPRECATED_OBJC_IMPLEMENTATIONS = YES;
				CLANG_WARN_DIRECT_OBJC_ISA_USAGE = YES_ERROR;
				CLANG_WARN_DOCUMENTATION_COMMENTS = YES;
				CLANG_WARN_EMPTY_BODY = YES;
				CLANG_WARN_ENUM_CONVERSION = YES;
				CLANG_WARN_INFINITE_RECURSION = YES;
				CLANG_WARN_INT_CONVERSION = YES;
				CLANG_WARN_NON_LITERAL_NULL_CONVERSION = YES;
				CLANG_WARN_OBJC_IMPLICIT_RETAIN_SELF = YES;
				CLANG_WARN_OBJC_LITERAL_CONVERSION = YES;
				CLANG_WARN_OBJC_ROOT_CLASS = YES_ERROR;
				CLANG_WARN_QUOTED_INCLUDE_IN_FRAMEWORK_HEADER = YES;
				CLANG_WARN_RANGE_LOOP_ANALYSIS = YES;
				CLANG_WARN_STRICT_PROTOTYPES = YES;
				CLANG_WARN_SUSPICIOUS_MOVE = YES;
				CLANG_WARN_UNGUARDED_AVAILABILITY = YES_AGGRESSIVE;
				CLANG_WARN_UNREACHABLE_CODE = YES;
				CLANG_WARN__DUPLICATE_METHOD_MATCH = YES;
				COPY_PHASE_STRIP = NO;
				DEBUG_INFORMATION_FORMAT = dwarf;
				ENABLE_STRICT_OBJC_MSGSEND = YES;
				ENABLE_TESTABILITY = YES;
				GCC_C_LANGUAGE_STANDARD = gnu11;
				GCC_DYNAMIC_NO_PIC = NO;
				GCC_NO_COMMON_BLOCKS = YES;
				GCC_OPTIMIZATION_LEVEL = 0;
				GCC_PREPROCESSOR_DEFINITIONS = (
					"DEBUG=1",
					"$(inherited)",
				);
				GCC_WARN_64_TO_32_BIT_CONVERSION = YES;
				GCC_WARN_ABOUT_RETURN_TYPE = YES_ERROR;
				GCC_WARN_UNDECLARED_SELECTOR = YES;
				GCC_WARN_UNINITIALIZED_AUTOS = YES_AGGRESSIVE;
				GCC_WARN_UNUSED_FUNCTION = YES;
				GCC_WARN_UNUSED_VARIABLE = YES;
				IPHONEOS_DEPLOYMENT_TARGET = 15.0;
				MTL_ENABLE_DEBUG_INFO = INCLUDE_SOURCE;
				MTL_FAST_MATH = YES;
				ONLY_ACTIVE_ARCH = YES;
				SDKROOT = iphoneos;
				SWIFT_ACTIVE_COMPILATION_CONDITIONS = DEBUG;
				SWIFT_OPTIMIZATION_LEVEL = "-Onone";
			};
			name = Debug;
		};
		AF1312A927FA4A8B00A4650E /* Release */ = {
			isa = XCBuildConfiguration;
			buildSettings = {
				ALWAYS_SEARCH_USER_PATHS = NO;
				CLANG_ANALYZER_NONNULL = YES;
				CLANG_ANALYZER_NUMBER_OBJECT_CONVERSION = YES_AGGRESSIVE;
				CLANG_CXX_LANGUAGE_STANDARD = "gnu++17";
				CLANG_CXX_LIBRARY = "libc++";
				CLANG_ENABLE_MODULES = YES;
				CLANG_ENABLE_OBJC_ARC = YES;
				CLANG_ENABLE_OBJC_WEAK = YES;
				CLANG_WARN_BLOCK_CAPTURE_AUTORELEASING = YES;
				CLANG_WARN_BOOL_CONVERSION = YES;
				CLANG_WARN_COMMA = YES;
				CLANG_WARN_CONSTANT_CONVERSION = YES;
				CLANG_WARN_DEPRECATED_OBJC_IMPLEMENTATIONS = YES;
				CLANG_WARN_DIRECT_OBJC_ISA_USAGE = YES_ERROR;
				CLANG_WARN_DOCUMENTATION_COMMENTS = YES;
				CLANG_WARN_EMPTY_BODY = YES;
				CLANG_WARN_ENUM_CONVERSION = YES;
				CLANG_WARN_INFINITE_RECURSION = YES;
				CLANG_WARN_INT_CONVERSION = YES;
				CLANG_WARN_NON_LITERAL_NULL_CONVERSION = YES;
				CLANG_WARN_OBJC_IMPLICIT_RETAIN_SELF = YES;
				CLANG_WARN_OBJC_LITERAL_CONVERSION = YES;
				CLANG_WARN_OBJC_ROOT_CLASS = YES_ERROR;
				CLANG_WARN_QUOTED_INCLUDE_IN_FRAMEWORK_HEADER = YES;
				CLANG_WARN_RANGE_LOOP_ANALYSIS = YES;
				CLANG_WARN_STRICT_PROTOTYPES = YES;
				CLANG_WARN_SUSPICIOUS_MOVE = YES;
				CLANG_WARN_UNGUARDED_AVAILABILITY = YES_AGGRESSIVE;
				CLANG_WARN_UNREACHABLE_CODE = YES;
				CLANG_WARN__DUPLICATE_METHOD_MATCH = YES;
				COPY_PHASE_STRIP = NO;
				DEBUG_INFORMATION_FORMAT = "dwarf-with-dsym";
				ENABLE_NS_ASSERTIONS = NO;
				ENABLE_STRICT_OBJC_MSGSEND = YES;
				GCC_C_LANGUAGE_STANDARD = gnu11;
				GCC_NO_COMMON_BLOCKS = YES;
				GCC_WARN_64_TO_32_BIT_CONVERSION = YES;
				GCC_WARN_ABOUT_RETURN_TYPE = YES_ERROR;
				GCC_WARN_UNDECLARED_SELECTOR = YES;
				GCC_WARN_UNINITIALIZED_AUTOS = YES_AGGRESSIVE;
				GCC_WARN_UNUSED_FUNCTION = YES;
				GCC_WARN_UNUSED_VARIABLE = YES;
				IPHONEOS_DEPLOYMENT_TARGET = 15.0;
				MTL_ENABLE_DEBUG_INFO = NO;
				MTL_FAST_MATH = YES;
				SDKROOT = iphoneos;
				SWIFT_COMPILATION_MODE = wholemodule;
				SWIFT_OPTIMIZATION_LEVEL = "-O";
				VALIDATE_PRODUCT = YES;
			};
			name = Release;
		};
		AF1312AB27FA4A8B00A4650E /* Debug */ = {
			isa = XCBuildConfiguration;
			buildSettings = {
				ASSETCATALOG_COMPILER_APPICON_NAME = AppIcon;
				ASSETCATALOG_COMPILER_GLOBAL_ACCENT_COLOR_NAME = AccentColor;
				CODE_SIGN_STYLE = Automatic;
				CURRENT_PROJECT_VERSION = 1;
				GENERATE_INFOPLIST_FILE = YES;
				INFOPLIST_FILE = ContactsMVC/Info.plist;
				INFOPLIST_KEY_UIApplicationSupportsIndirectInputEvents = YES;
				INFOPLIST_KEY_UILaunchStoryboardName = LaunchScreen;
				INFOPLIST_KEY_UIMainStoryboardFile = Main;
				INFOPLIST_KEY_UISupportedInterfaceOrientations_iPad = "UIInterfaceOrientationPortrait UIInterfaceOrientationPortraitUpsideDown UIInterfaceOrientationLandscapeLeft UIInterfaceOrientationLandscapeRight";
				INFOPLIST_KEY_UISupportedInterfaceOrientations_iPhone = "UIInterfaceOrientationPortrait UIInterfaceOrientationLandscapeLeft UIInterfaceOrientationLandscapeRight";
				LD_RUNPATH_SEARCH_PATHS = (
					"$(inherited)",
					"@executable_path/Frameworks",
				);
				MARKETING_VERSION = 1.0;
				PRODUCT_BUNDLE_IDENTIFIER = luiza.vieira.ContactsMVC;
				PRODUCT_NAME = "$(TARGET_NAME)";
				SWIFT_EMIT_LOC_STRINGS = YES;
				SWIFT_VERSION = 5.0;
				TARGETED_DEVICE_FAMILY = "1,2";
			};
			name = Debug;
		};
		AF1312AC27FA4A8B00A4650E /* Release */ = {
			isa = XCBuildConfiguration;
			buildSettings = {
				ASSETCATALOG_COMPILER_APPICON_NAME = AppIcon;
				ASSETCATALOG_COMPILER_GLOBAL_ACCENT_COLOR_NAME = AccentColor;
				CODE_SIGN_STYLE = Automatic;
				CURRENT_PROJECT_VERSION = 1;
				GENERATE_INFOPLIST_FILE = YES;
				INFOPLIST_FILE = ContactsMVC/Info.plist;
				INFOPLIST_KEY_UIApplicationSupportsIndirectInputEvents = YES;
				INFOPLIST_KEY_UILaunchStoryboardName = LaunchScreen;
				INFOPLIST_KEY_UIMainStoryboardFile = Main;
				INFOPLIST_KEY_UISupportedInterfaceOrientations_iPad = "UIInterfaceOrientationPortrait UIInterfaceOrientationPortraitUpsideDown UIInterfaceOrientationLandscapeLeft UIInterfaceOrientationLandscapeRight";
				INFOPLIST_KEY_UISupportedInterfaceOrientations_iPhone = "UIInterfaceOrientationPortrait UIInterfaceOrientationLandscapeLeft UIInterfaceOrientationLandscapeRight";
				LD_RUNPATH_SEARCH_PATHS = (
					"$(inherited)",
					"@executable_path/Frameworks",
				);
				MARKETING_VERSION = 1.0;
				PRODUCT_BUNDLE_IDENTIFIER = luiza.vieira.ContactsMVC;
				PRODUCT_NAME = "$(TARGET_NAME)";
				SWIFT_EMIT_LOC_STRINGS = YES;
				SWIFT_VERSION = 5.0;
				TARGETED_DEVICE_FAMILY = "1,2";
			};
			name = Release;
		};
/* End XCBuildConfiguration section */

/* Begin XCConfigurationList section */
		AF13129127FA4A8800A4650E /* Build configuration list for PBXProject "ContactsMVC" */ = {
			isa = XCConfigurationList;
			buildConfigurations = (
				AF1312A827FA4A8B00A4650E /* Debug */,
				AF1312A927FA4A8B00A4650E /* Release */,
			);
			defaultConfigurationIsVisible = 0;
			defaultConfigurationName = Release;
		};
		AF1312AA27FA4A8B00A4650E /* Build configuration list for PBXNativeTarget "ContactsMVC" */ = {
			isa = XCConfigurationList;
			buildConfigurations = (
				AF1312AB27FA4A8B00A4650E /* Debug */,
				AF1312AC27FA4A8B00A4650E /* Release */,
			);
			defaultConfigurationIsVisible = 0;
			defaultConfigurationName = Release;
		};
/* End XCConfigurationList section */
	};
	rootObject = AF13128E27FA4A8800A4650E /* Project object */;
}
